# This file was autogenerated by Stack.
# You should not edit this file by hand.
# For more information, please see the documentation at:
#   https://docs.haskellstack.org/en/stable/lock_files

packages:
- completed:
    hackage: happy-1.19.9@sha256:f8c774230735a390c287b2980cfcd2703d24d8dde85a01ea721b7b4b4c82944f,4667
    pantry-tree:
      size: 7980
      sha256: 1f1d622f6e773e7a674da6364b755714c76c3fbb3c7a4e65deaf07242fc15211
  original:
    hackage: happy-1.19.9
- completed:
    hackage: language-javascript-0.7.0.0@sha256:3eab0262b8ac5621936a4beab6a0f97d0e00a63455a8b0e3ac1547b4088dae7d,3898
    pantry-tree:
      size: 2244
      sha256: b0f28d836cb3fbde203fd7318a896c3a20acd8653a905e1950ae2d9a64bccebf
  original:
    hackage: language-javascript-0.7.0.0
- completed:
    hackage: network-3.0.1.1@sha256:1a251b790ea98b6f7433f677958f921950780ba6f143d61ba8c0e3f7a9879097,4074
    pantry-tree:
      size: 3296
      sha256: 78e378780c998faaf4e32a16b98880220f502d8ef005f24d7ee0c99fb50636e6
  original:
    hackage: network-3.0.1.1
- completed:
    hackage: these-1.0.1@sha256:58dba2446b57dde711c5e7f63910d18bc28b9a5831a89772986bb184a3e7851b,3266
    pantry-tree:
      size: 351
      sha256: dd785882a522b6c76ee97fdd5e0e8cbca15b2fc951985bbecc76d0dd6e456aae
  original:
    hackage: these-1.0.1
- completed:
    hackage: semialign-1@sha256:f11b3d8d0f31a3556061ec0fb515575646d162f12c5b25a0f07c92679db7d862,2433
    pantry-tree:
      size: 466
      sha256: e67b833b94b7fa23afbf7088833a38596cf35a2b93635604dd9e49d0389360fe
  original:
    hackage: semialign-1
- completed:
    size: 2417690
    url: https://github.com/hamler-lang/CoreErlang/archive/2bacba611fed9eb773939964aa70e3ad49b8c816.tar.gz
    name: CoreErlang
    version: 0.0.5
    sha256: 9fe5090ded617fbcf99d62504eb81b4061276345dd1d0bfd04dd46da4ff317fa
    pantry-tree:
      size: 11867
      sha256: afef0003c2bc0c898c1f1f7643c861fa578f023f8221e3246f729b1ce73bc129
  original:
    url: https://github.com/hamler-lang/CoreErlang/archive/2bacba611fed9eb773939964aa70e3ad49b8c816.tar.gz
- completed:
    size: 542803
    url: https://github.com/hamler-lang/purescript/archive/5c41feb6c3f0605238364020dafd1387f1b7eee0.tar.gz
    name: purescript
    version: 0.13.6
    sha256: 35adecd37dab49b085c1f8bf3428b66a5258ab63df0e73961fadedbe9786ee43
    pantry-tree:
      size: 79261
      sha256: 2e62521d6d54646cc9aaa55f41e1bbe2e845d17c37a8913d945416c20143c9ac
  original:
    url: https://github.com/hamler-lang/purescript/archive/5c41feb6c3f0605238364020dafd1387f1b7eee0.tar.gz
- completed:
    hackage: megaparsec-8.0.0@sha256:362f85e243ecbcb550e1de6e5c74ba5a50c09edaa1208c99bc5b9fd242227fc6,3808
    pantry-tree:
      size: 1446
      sha256: 955117c00a86970f2d0c215f33cf5293b16589c04678a0a790c03368ab6fd0aa
  original:
    hackage: megaparsec-8.0.0@sha256:362f85e243ecbcb550e1de6e5c74ba5a50c09edaa1208c99bc5b9fd242227fc6,3808
- completed:
    size: 129689
    url: https://github.com/hamler-lang/hamler/archive/39b407a6d147bd2f4d0bf494316129bae209dc93.tar.gz
    name: hamler
    version: '0.2'
    sha256: 1c44bf0e55b9fa190a89ffc2c4da1054434d6015f1d0bce7eb96cdd663c6d08f
    pantry-tree:
      size: 15178
      sha256: 791e7b1f83dbfb407169bc32914e3691b70946d2db00784b02bcec302d30c592
  original:
    url: https://github.com/hamler-lang/hamler/archive/39b407a6d147bd2f4d0bf494316129bae209dc93.tar.gz
- completed:
    hackage: Glob-0.9.3@sha256:d6f8d3000651a7d72fe468f3840f59fe785dc35cfc16dc76a62821cd798f34dc,2932
    pantry-tree:
      size: 1431
      sha256: e48857009d181d67661af297736baf7dcabf27f011e94f8ec7792e00e2df85ed
  original:
    hackage: Glob-0.9.3
- completed:
    hackage: ansi-terminal-0.8.2@sha256:56aeb0dbbf83905dfb39e11047d9f8562ab1e7eb601b2492082ba5b5a0fc80ec,3116
    pantry-tree:
      size: 1384
      sha256: db0b1110eac60e74a500aa2ad4f74ae141e4f97ca8f85ce70f35fad8fa1a37a4
  original:
    hackage: ansi-terminal-0.8.2
- completed:
    hackage: ansi-wl-pprint-0.6.8.2@sha256:a890b713942c1aa0109fb632e9fee581ceb5b0763fd936ae8cae22e5f91a0877,2178
    pantry-tree:
      size: 471
      sha256: b6a3dbeb5c2b7b503135cdc42f606a11dba4f0daf97d06e321a5e039094df349
  original:
    hackage: ansi-wl-pprint-0.6.8.2
- completed:
    hackage: tasty-1.2@sha256:0d08fbcdda8914c9c8abda8ac212e3209f3b5b86cae01724d0398bcf0c8691d4,2472
    pantry-tree:
      size: 1725
      sha256: c91a9be632de70c2db8aa80957d538cc39b6cf4e2bfae0beb25f061149d735b1
  original:
    hackage: tasty-1.2
snapshots:
- completed:
    size: 524996
    url: https://raw.githubusercontent.com/commercialhaskell/stackage-snapshots/master/lts/14/27.yaml
    sha256: 7ea31a280c56bf36ff591a7397cc384d0dff622e7f9e4225b47d8980f019a0f0
  original: lts-14.27
